{
	"name": "andy-lerna-popular",
	"version": "0.1.0",
	"lockfileVersion": 1,
	"requires": true,
	"dependencies": {
		"dayjs": {
			"version": "1.8.28",
			"resolved": "https://registry.npmjs.org/dayjs/-/dayjs-1.8.28.tgz",
			"integrity": "sha512-ccnYgKC0/hPSGXxj7Ju6AV/BP4HUkXC2u15mikXT5mX9YorEaoi1bEKOmAqdkJHN4EEkmAf97SpH66Try5Mbeg=="
		}
	}
}
